// !$*UTF8*$!
{
	archiveVersion = 1;
	classes = {
	};
	objectVersion = 50;
	objects = {

/* Begin PBXBuildFile section */
		9B66C72F20E8B6AF0074F17B /* AppDelegate.swift in Sources */ = {isa = PBXBuildFile; fileRef = 9B66C72E20E8B6AF0074F17B /* AppDelegate.swift */; };
		9B66C73120E8B6AF0074F17B /* MainVC.swift in Sources */ = {isa = PBXBuildFile; fileRef = 9B66C73020E8B6AF0074F17B /* MainVC.swift */; };
		9B66C73420E8B6AF0074F17B /* Main.storyboard in Resources */ = {isa = PBXBuildFile; fileRef = 9B66C73220E8B6AF0074F17B /* Main.storyboard */; };
		9B66C73720E8B6AF0074F17B /* DreamLister_3.xcdatamodeld in Sources */ = {isa = PBXBuildFile; fileRef = 9B66C73520E8B6AF0074F17B /* DreamLister_3.xcdatamodeld */; };
		9B66C73920E8B6B10074F17B /* Assets.xcassets in Resources */ = {isa = PBXBuildFile; fileRef = 9B66C73820E8B6B10074F17B /* Assets.xcassets */; };
		9B66C73C20E8B6B10074F17B /* LaunchScreen.storyboard in Resources */ = {isa = PBXBuildFile; fileRef = 9B66C73A20E8B6B10074F17B /* LaunchScreen.storyboard */; };
		9B66C74420E8B7250074F17B /* Readme.rtf in Resources */ = {isa = PBXBuildFile; fileRef = 9B66C74320E8B7250074F17B /* Readme.rtf */; };
		9B66C74D20E8B8DC0074F17B /* Item+CoreDataClass.swift in Sources */ = {isa = PBXBuildFile; fileRef = 9B66C74520E8B8DC0074F17B /* Item+CoreDataClass.swift */; };
		9B66C74E20E8B8DC0074F17B /* Item+CoreDataProperties.swift in Sources */ = {isa = PBXBuildFile; fileRef = 9B66C74620E8B8DC0074F17B /* Item+CoreDataProperties.swift */; };
		9B66C74F20E8B8DC0074F17B /* ItemType+CoreDataClass.swift in Sources */ = {isa = PBXBuildFile; fileRef = 9B66C74720E8B8DC0074F17B /* ItemType+CoreDataClass.swift */; };
		9B66C75020E8B8DC0074F17B /* ItemType+CoreDataProperties.swift in Sources */ = {isa = PBXBuildFile; fileRef = 9B66C74820E8B8DC0074F17B /* ItemType+CoreDataProperties.swift */; };
		9B66C75120E8B8DC0074F17B /* Store+CoreDataClass.swift in Sources */ = {isa = PBXBuildFile; fileRef = 9B66C74920E8B8DC0074F17B /* Store+CoreDataClass.swift */; };
		9B66C75220E8B8DC0074F17B /* Store+CoreDataProperties.swift in Sources */ = {isa = PBXBuildFile; fileRef = 9B66C74A20E8B8DC0074F17B /* Store+CoreDataProperties.swift */; };
		9B66C75320E8B8DC0074F17B /* Image+CoreDataClass.swift in Sources */ = {isa = PBXBuildFile; fileRef = 9B66C74B20E8B8DC0074F17B /* Image+CoreDataClass.swift */; };
		9B66C75420E8B8DC0074F17B /* Image+CoreDataProperties.swift in Sources */ = {isa = PBXBuildFile; fileRef = 9B66C74C20E8B8DC0074F17B /* Image+CoreDataProperties.swift */; };
		9B66C75A20E8B9D10074F17B /* CustomTextField.swift in Sources */ = {isa = PBXBuildFile; fileRef = 9B66C75920E8B9D10074F17B /* CustomTextField.swift */; };
		9B66C75C20E8E8F50074F17B /* ItemCell.swift in Sources */ = {isa = PBXBuildFile; fileRef = 9B66C75B20E8E8F50074F17B /* ItemCell.swift */; };
		9B66C75E20E8EEF40074F17B /* MaterialView.swift in Sources */ = {isa = PBXBuildFile; fileRef = 9B66C75D20E8EEF40074F17B /* MaterialView.swift */; };
		9B66C76020E8F09E0074F17B /* ItemDetailsVC.swift in Sources */ = {isa = PBXBuildFile; fileRef = 9B66C75F20E8F09E0074F17B /* ItemDetailsVC.swift */; };
/* End PBXBuildFile section */

/* Begin PBXFileReference section */
		9B66C72B20E8B6AF0074F17B /* DreamLister_3.app */ = {isa = PBXFileReference; explicitFileType = wrapper.application; includeInIndex = 0; path = DreamLister_3.app; sourceTree = BUILT_PRODUCTS_DIR; };
		9B66C72E20E8B6AF0074F17B /* AppDelegate.swift */ = {isa = PBXFileReference; lastKnownFileType = sourcecode.swift; path = AppDelegate.swift; sourceTree = "<group>"; };
		9B66C73020E8B6AF0074F17B /* MainVC.swift */ = {isa = PBXFileReference; lastKnownFileType = sourcecode.swift; path = MainVC.swift; sourceTree = "<group>"; };
		9B66C73320E8B6AF0074F17B /* Base */ = {isa = PBXFileReference; lastKnownFileType = file.storyboard; name = Base; path = Base.lproj/Main.storyboard; sourceTree = "<group>"; };
		9B66C73620E8B6AF0074F17B /* DreamLister_3.xcdatamodel */ = {isa = PBXFileReference; lastKnownFileType = wrapper.xcdatamodel; path = DreamLister_3.xcdatamodel; sourceTree = "<group>"; };
		9B66C73820E8B6B10074F17B /* Assets.xcassets */ = {isa = PBXFileReference; lastKnownFileType = folder.assetcatalog; path = Assets.xcassets; sourceTree = "<group>"; };
		9B66C73B20E8B6B10074F17B /* Base */ = {isa = PBXFileReference; lastKnownFileType = file.storyboard; name = Base; path = Base.lproj/LaunchScreen.storyboard; sourceTree = "<group>"; };
		9B66C73D20E8B6B10074F17B /* Info.plist */ = {isa = PBXFileReference; lastKnownFileType = text.plist.xml; path = Info.plist; sourceTree = "<group>"; };
		9B66C74320E8B7250074F17B /* Readme.rtf */ = {isa = PBXFileReference; lastKnownFileType = text.rtf; path = Readme.rtf; sourceTree = "<group>"; };
		9B66C74520E8B8DC0074F17B /* Item+CoreDataClass.swift */ = {isa = PBXFileReference; lastKnownFileType = sourcecode.swift; path = "Item+CoreDataClass.swift"; sourceTree = "<group>"; };
		9B66C74620E8B8DC0074F17B /* Item+CoreDataProperties.swift */ = {isa = PBXFileReference; lastKnownFileType = sourcecode.swift; path = "Item+CoreDataProperties.swift"; sourceTree = "<group>"; };
		9B66C74720E8B8DC0074F17B /* ItemType+CoreDataClass.swift */ = {isa = PBXFileReference; lastKnownFileType = sourcecode.swift; path = "ItemType+CoreDataClass.swift"; sourceTree = "<group>"; };
		9B66C74820E8B8DC0074F17B /* ItemType+CoreDataProperties.swift */ = {isa = PBXFileReference; lastKnownFileType = sourcecode.swift; path = "ItemType+CoreDataProperties.swift"; sourceTree = "<group>"; };
		9B66C74920E8B8DC0074F17B /* Store+CoreDataClass.swift */ = {isa = PBXFileReference; lastKnownFileType = sourcecode.swift; path = "Store+CoreDataClass.swift"; sourceTree = "<group>"; };
		9B66C74A20E8B8DC0074F17B /* Store+CoreDataProperties.swift */ = {isa = PBXFileReference; lastKnownFileType = sourcecode.swift; path = "Store+CoreDataProperties.swift"; sourceTree = "<group>"; };
		9B66C74B20E8B8DC0074F17B /* Image+CoreDataClass.swift */ = {isa = PBXFileReference; lastKnownFileType = sourcecode.swift; path = "Image+CoreDataClass.swift"; sourceTree = "<group>"; };
		9B66C74C20E8B8DC0074F17B /* Image+CoreDataProperties.swift */ = {isa = PBXFileReference; lastKnownFileType = sourcecode.swift; path = "Image+CoreDataProperties.swift"; sourceTree = "<group>"; };
		9B66C75920E8B9D10074F17B /* CustomTextField.swift */ = {isa = PBXFileReference; fileEncoding = 4; lastKnownFileType = sourcecode.swift; path = CustomTextField.swift; sourceTree = "<group>"; };
		9B66C75B20E8E8F50074F17B /* ItemCell.swift */ = {isa = PBXFileReference; lastKnownFileType = sourcecode.swift; path = ItemCell.swift; sourceTree = "<group>"; };
		9B66C75D20E8EEF40074F17B /* MaterialView.swift */ = {isa = PBXFileReference; lastKnownFileType = sourcecode.swift; path = MaterialView.swift; sourceTree = "<group>"; };
		9B66C75F20E8F09E0074F17B /* ItemDetailsVC.swift */ = {isa = PBXFileReference; lastKnownFileType = sourcecode.swift; path = ItemDetailsVC.swift; sourceTree = "<group>"; };
/* End PBXFileReference section */

/* Begin PBXFrameworksBuildPhase section */
		9B66C72820E8B6AF0074F17B /* Frameworks */ = {
			isa = PBXFrameworksBuildPhase;
			buildActionMask = 2147483647;
			files = (
			);
			runOnlyForDeploymentPostprocessing = 0;
		};
/* End PBXFrameworksBuildPhase section */

/* Begin PBXGroup section */
		9B66C72220E8B6AF0074F17B = {
			isa = PBXGroup;
			children = (
				9B66C72D20E8B6AF0074F17B /* DreamLister_3 */,
				9B66C72C20E8B6AF0074F17B /* Products */,
			);
			sourceTree = "<group>";
		};
		9B66C72C20E8B6AF0074F17B /* Products */ = {
			isa = PBXGroup;
			children = (
				9B66C72B20E8B6AF0074F17B /* DreamLister_3.app */,
			);
			name = Products;
			sourceTree = "<group>";
		};
		9B66C72D20E8B6AF0074F17B /* DreamLister_3 */ = {
			isa = PBXGroup;
			children = (
				9B66C75520E8B8E10074F17B /* Model */,
				9B66C75620E8B8ED0074F17B /* View */,
				9B66C75720E8B8F20074F17B /* Controller */,
				9B66C72E20E8B6AF0074F17B /* AppDelegate.swift */,
				9B66C73220E8B6AF0074F17B /* Main.storyboard */,
				9B66C73820E8B6B10074F17B /* Assets.xcassets */,
				9B66C73A20E8B6B10074F17B /* LaunchScreen.storyboard */,
				9B66C73D20E8B6B10074F17B /* Info.plist */,
				9B66C73520E8B6AF0074F17B /* DreamLister_3.xcdatamodeld */,
				9B66C74320E8B7250074F17B /* Readme.rtf */,
			);
			path = DreamLister_3;
			sourceTree = "<group>";
		};
		9B66C75520E8B8E10074F17B /* Model */ = {
			isa = PBXGroup;
			children = (
				9B66C75820E8B8FF0074F17B /* Generated */,
				9B66C74520E8B8DC0074F17B /* Item+CoreDataClass.swift */,
				9B66C74720E8B8DC0074F17B /* ItemType+CoreDataClass.swift */,
				9B66C74920E8B8DC0074F17B /* Store+CoreDataClass.swift */,
				9B66C74B20E8B8DC0074F17B /* Image+CoreDataClass.swift */,
			);
			path = Model;
			sourceTree = "<group>";
		};
		9B66C75620E8B8ED0074F17B /* View */ = {
			isa = PBXGroup;
			children = (
				9B66C75920E8B9D10074F17B /* CustomTextField.swift */,
				9B66C75B20E8E8F50074F17B /* ItemCell.swift */,
				9B66C75D20E8EEF40074F17B /* MaterialView.swift */,
			);
			path = View;
			sourceTree = "<group>";
		};
		9B66C75720E8B8F20074F17B /* Controller */ = {
			isa = PBXGroup;
			children = (
				9B66C73020E8B6AF0074F17B /* MainVC.swift */,
				9B66C75F20E8F09E0074F17B /* ItemDetailsVC.swift */,
			);
			path = Controller;
			sourceTree = "<group>";
		};
		9B66C75820E8B8FF0074F17B /* Generated */ = {
			isa = PBXGroup;
			children = (
				9B66C74620E8B8DC0074F17B /* Item+CoreDataProperties.swift */,
				9B66C74820E8B8DC0074F17B /* ItemType+CoreDataProperties.swift */,
				9B66C74A20E8B8DC0074F17B /* Store+CoreDataProperties.swift */,
				9B66C74C20E8B8DC0074F17B /* Image+CoreDataProperties.swift */,
			);
			path = Generated;
			sourceTree = "<group>";
		};
/* End PBXGroup section */

/* Begin PBXNativeTarget section */
		9B66C72A20E8B6AF0074F17B /* DreamLister_3 */ = {
			isa = PBXNativeTarget;
			buildConfigurationList = 9B66C74020E8B6B10074F17B /* Build configuration list for PBXNativeTarget "DreamLister_3" */;
			buildPhases = (
				9B66C72720E8B6AF0074F17B /* Sources */,
				9B66C72820E8B6AF0074F17B /* Frameworks */,
				9B66C72920E8B6AF0074F17B /* Resources */,
			);
			buildRules = (
			);
			dependencies = (
			);
			name = DreamLister_3;
			productName = DreamLister_3;
			productReference = 9B66C72B20E8B6AF0074F17B /* DreamLister_3.app */;
			productType = "com.apple.product-type.application";
		};
/* End PBXNativeTarget section */

/* Begin PBXProject section */
		9B66C72320E8B6AF0074F17B /* Project object */ = {
			isa = PBXProject;
			attributes = {
				LastSwiftUpdateCheck = 0940;
				LastUpgradeCheck = 0940;
				ORGANIZATIONNAME = vriz;
				TargetAttributes = {
					9B66C72A20E8B6AF0074F17B = {
						CreatedOnToolsVersion = 9.4.1;
					};
				};
			};
			buildConfigurationList = 9B66C72620E8B6AF0074F17B /* Build configuration list for PBXProject "DreamLister_3" */;
			compatibilityVersion = "Xcode 9.3";
			developmentRegion = en;
			hasScannedForEncodings = 0;
			knownRegions = (
				en,
				Base,
			);
			mainGroup = 9B66C72220E8B6AF0074F17B;
			productRefGroup = 9B66C72C20E8B6AF0074F17B /* Products */;
			projectDirPath = "";
			projectRoot = "";
			targets = (
				9B66C72A20E8B6AF0074F17B /* DreamLister_3 */,
			);
		};
/* End PBXProject section */

/* Begin PBXResourcesBuildPhase section */
		9B66C72920E8B6AF0074F17B /* Resources */ = {
			isa = PBXResourcesBuildPhase;
			buildActionMask = 2147483647;
			files = (
				9B66C73C20E8B6B10074F17B /* LaunchScreen.storyboard in Resources */,
				9B66C73920E8B6B10074F17B /* Assets.xcassets in Resources */,
				9B66C74420E8B7250074F17B /* Readme.rtf in Resources */,
				9B66C73420E8B6AF0074F17B /* Main.storyboard in Resources */,
			);
			runOnlyForDeploymentPostprocessing = 0;
		};
/* End PBXResourcesBuildPhase section */

/* Begin PBXSourcesBuildPhase section */
		9B66C72720E8B6AF0074F17B /* Sources */ = {
			isa = PBXSourcesBuildPhase;
			buildActionMask = 2147483647;
			files = (
				9B66C75C20E8E8F50074F17B /* ItemCell.swift in Sources */,
				9B66C74F20E8B8DC0074F17B /* ItemType+CoreDataClass.swift in Sources */,
				9B66C73720E8B6AF0074F17B /* DreamLister_3.xcdatamodeld in Sources */,
				9B66C73120E8B6AF0074F17B /* MainVC.swift in Sources */,
				9B66C74D20E8B8DC0074F17B /* Item+CoreDataClass.swift in Sources */,
				9B66C75E20E8EEF40074F17B /* MaterialView.swift in Sources */,
				9B66C75220E8B8DC0074F17B /* Store+CoreDataProperties.swift in Sources */,
				9B66C72F20E8B6AF0074F17B /* AppDelegate.swift in Sources */,
				9B66C75120E8B8DC0074F17B /* Store+CoreDataClass.swift in Sources */,
				9B66C76020E8F09E0074F17B /* ItemDetailsVC.swift in Sources */,
				9B66C75020E8B8DC0074F17B /* ItemType+CoreDataProperties.swift in Sources */,
				9B66C75A20E8B9D10074F17B /* CustomTextField.swift in Sources */,
				9B66C74E20E8B8DC0074F17B /* Item+CoreDataProperties.swift in Sources */,
				9B66C75320E8B8DC0074F17B /* Image+CoreDataClass.swift in Sources */,
				9B66C75420E8B8DC0074F17B /* Image+CoreDataProperties.swift in Sources */,
			);
			runOnlyForDeploymentPostprocessing = 0;
		};
/* End PBXSourcesBuildPhase section */

/* Begin PBXVariantGroup section */
		9B66C73220E8B6AF0074F17B /* Main.storyboard */ = {
			isa = PBXVariantGroup;
			children = (
				9B66C73320E8B6AF0074F17B /* Base */,
			);
			name = Main.storyboard;
			sourceTree = "<group>";
		};
		9B66C73A20E8B6B10074F17B /* LaunchScreen.storyboard */ = {
			isa = PBXVariantGroup;
			children = (
				9B66C73B20E8B6B10074F17B /* Base */,
			);
			name = LaunchScreen.storyboard;
			sourceTree = "<group>";
		};
/* End PBXVariantGroup section */

/* Begin XCBuildConfiguration section */
		9B66C73E20E8B6B10074F17B /* Debug */ = {
			isa = XCBuildConfiguration;
			buildSettings = {
				ALWAYS_SEARCH_USER_PATHS = NO;
				CLANG_ANALYZER_NONNULL = YES;
				CLANG_ANALYZER_NUMBER_OBJECT_CONVERSION = YES_AGGRESSIVE;
				CLANG_CXX_LANGUAGE_STANDARD = "gnu++14";
				CLANG_CXX_LIBRARY = "libc++";
				CLANG_ENABLE_MODULES = YES;
				CLANG_ENABLE_OBJC_ARC = YES;
				CLANG_ENABLE_OBJC_WEAK = YES;
				CLANG_WARN_BLOCK_CAPTURE_AUTORELEASING = YES;
				CLANG_WARN_BOOL_CONVERSION = YES;
				CLANG_WARN_COMMA = YES;
				CLANG_WARN_CONSTANT_CONVERSION = YES;
				CLANG_WARN_DEPRECATED_OBJC_IMPLEMENTATIONS = YES;
				CLANG_WARN_DIRECT_OBJC_ISA_USAGE = YES_ERROR;
				CLANG_WARN_DOCUMENTATION_COMMENTS = YES;
				CLANG_WARN_EMPTY_BODY = YES;
				CLANG_WARN_ENUM_CONVERSION = YES;
				CLANG_WARN_INFINITE_RECURSION = YES;
				CLANG_WARN_INT_CONVERSION = YES;
				CLANG_WARN_NON_LITERAL_NULL_CONVERSION = YES;
				CLANG_WARN_OBJC_IMPLICIT_RETAIN_SELF = YES;
				CLANG_WARN_OBJC_LITERAL_CONVERSION = YES;
				CLANG_WARN_OBJC_ROOT_CLASS = YES_ERROR;
				CLANG_WARN_RANGE_LOOP_ANALYSIS = YES;
				CLANG_WARN_STRICT_PROTOTYPES = YES;
				CLANG_WARN_SUSPICIOUS_MOVE = YES;
				CLANG_WARN_UNGUARDED_AVAILABILITY = YES_AGGRESSIVE;
				CLANG_WARN_UNREACHABLE_CODE = YES;
				CLANG_WARN__DUPLICATE_METHOD_MATCH = YES;
				CODE_SIGN_IDENTITY = "iPhone Developer";
				COPY_PHASE_STRIP = NO;
				DEBUG_INFORMATION_FORMAT = dwarf;
				ENABLE_STRICT_OBJC_MSGSEND = YES;
				ENABLE_TESTABILITY = YES;
				GCC_C_LANGUAGE_STANDARD = gnu11;
				GCC_DYNAMIC_NO_PIC = NO;
				GCC_NO_COMMON_BLOCKS = YES;
				GCC_OPTIMIZATION_LEVEL = 0;
				GCC_PREPROCESSOR_DEFINITIONS = (
					"DEBUG=1",
					"$(inherited)",
				);
				GCC_WARN_64_TO_32_BIT_CONVERSION = YES;
				GCC_WARN_ABOUT_RETURN_TYPE = YES_ERROR;
				GCC_WARN_UNDECLARED_SELECTOR = YES;
				GCC_WARN_UNINITIALIZED_AUTOS = YES_AGGRESSIVE;
				GCC_WARN_UNUSED_FUNCTION = YES;
				GCC_WARN_UNUSED_VARIABLE = YES;
				IPHONEOS_DEPLOYMENT_TARGET = 11.4;
				MTL_ENABLE_DEBUG_INFO = YES;
				ONLY_ACTIVE_ARCH = YES;
				SDKROOT = iphoneos;
				SWIFT_ACTIVE_COMPILATION_CONDITIONS = DEBUG;
				SWIFT_OPTIMIZATION_LEVEL = "-Onone";
			};
			name = Debug;
		};
		9B66C73F20E8B6B10074F17B /* Release */ = {
			isa = XCBuildConfiguration;
			buildSettings = {
				ALWAYS_SEARCH_USER_PATHS = NO;
				CLANG_ANALYZER_NONNULL = YES;
				CLANG_ANALYZER_NUMBER_OBJECT_CONVERSION = YES_AGGRESSIVE;
				CLANG_CXX_LANGUAGE_STANDARD = "gnu++14";
				CLANG_CXX_LIBRARY = "libc++";
				CLANG_ENABLE_MODULES = YES;
				CLANG_ENABLE_OBJC_ARC = YES;
				CLANG_ENABLE_OBJC_WEAK = YES;
				CLANG_WARN_BLOCK_CAPTURE_AUTORELEASING = YES;
				CLANG_WARN_BOOL_CONVERSION = YES;
				CLANG_WARN_COMMA = YES;
				CLANG_WARN_CONSTANT_CONVERSION = YES;
				CLANG_WARN_DEPRECATED_OBJC_IMPLEMENTATIONS = YES;
				CLANG_WARN_DIRECT_OBJC_ISA_USAGE = YES_ERROR;
				CLANG_WARN_DOCUMENTATION_COMMENTS = YES;
				CLANG_WARN_EMPTY_BODY = YES;
				CLANG_WARN_ENUM_CONVERSION = YES;
				CLANG_WARN_INFINITE_RECURSION = YES;
				CLANG_WARN_INT_CONVERSION = YES;
				CLANG_WARN_NON_LITERAL_NULL_CONVERSION = YES;
				CLANG_WARN_OBJC_IMPLICIT_RETAIN_SELF = YES;
				CLANG_WARN_OBJC_LITERAL_CONVERSION = YES;
				CLANG_WARN_OBJC_ROOT_CLASS = YES_ERROR;
				CLANG_WARN_RANGE_LOOP_ANALYSIS = YES;
				CLANG_WARN_STRICT_PROTOTYPES = YES;
				CLANG_WARN_SUSPICIOUS_MOVE = YES;
				CLANG_WARN_UNGUARDED_AVAILABILITY = YES_AGGRESSIVE;
				CLANG_WARN_UNREACHABLE_CODE = YES;
				CLANG_WARN__DUPLICATE_METHOD_MATCH = YES;
				CODE_SIGN_IDENTITY = "iPhone Developer";
				COPY_PHASE_STRIP = NO;
				DEBUG_INFORMATION_FORMAT = "dwarf-with-dsym";
				ENABLE_NS_ASSERTIONS = NO;
				ENABLE_STRICT_OBJC_MSGSEND = YES;
				GCC_C_LANGUAGE_STANDARD = gnu11;
				GCC_NO_COMMON_BLOCKS = YES;
				GCC_WARN_64_TO_32_BIT_CONVERSION = YES;
				GCC_WARN_ABOUT_RETURN_TYPE = YES_ERROR;
				GCC_WARN_UNDECLARED_SELECTOR = YES;
				GCC_WARN_UNINITIALIZED_AUTOS = YES_AGGRESSIVE;
				GCC_WARN_UNUSED_FUNCTION = YES;
				GCC_WARN_UNUSED_VARIABLE = YES;
				IPHONEOS_DEPLOYMENT_TARGET = 11.4;
				MTL_ENABLE_DEBUG_INFO = NO;
				SDKROOT = iphoneos;
				SWIFT_COMPILATION_MODE = wholemodule;
				SWIFT_OPTIMIZATION_LEVEL = "-O";
				VALIDATE_PRODUCT = YES;
			};
			name = Release;
		};
		9B66C74120E8B6B10074F17B /* Debug */ = {
			isa = XCBuildConfiguration;
			buildSettings = {
				ASSETCATALOG_COMPILER_APPICON_NAME = AppIcon;
				CODE_SIGN_STYLE = Automatic;
				DEVELOPMENT_TEAM = RXYZA5L84X;
				INFOPLIST_FILE = DreamLister_3/Info.plist;
				LD_RUNPATH_SEARCH_PATHS = (
					"$(inherited)",
					"@executable_path/Frameworks",
				);
				PRODUCT_BUNDLE_IDENTIFIER = "net.vriz.DreamLister-3";
				PRODUCT_NAME = "$(TARGET_NAME)";
				SWIFT_VERSION = 4.0;
				TARGETED_DEVICE_FAMILY = "1,2";
			};
			name = Debug;
		};
		9B66C74220E8B6B10074F17B /* Release */ = {
			isa = XCBuildConfiguration;
			buildSettings = {
				ASSETCATALOG_COMPILER_APPICON_NAME = AppIcon;
				CODE_SIGN_STYLE = Automatic;
				DEVELOPMENT_TEAM = RXYZA5L84X;
				INFOPLIST_FILE = DreamLister_3/Info.plist;
				LD_RUNPATH_SEARCH_PATHS = (
					"$(inherited)",
					"@executable_path/Frameworks",
				);
				PRODUCT_BUNDLE_IDENTIFIER = "net.vriz.DreamLister-3";
				PRODUCT_NAME = "$(TARGET_NAME)";
				SWIFT_VERSION = 4.0;
				TARGETED_DEVICE_FAMILY = "1,2";
			};
			name = Release;
		};
/* End XCBuildConfiguration section */

/* Begin XCConfigurationList section */
		9B66C72620E8B6AF0074F17B /* Build configuration list for PBXProject "DreamLister_3" */ = {
			isa = XCConfigurationList;
			buildConfigurations = (
				9B66C73E20E8B6B10074F17B /* Debug */,
				9B66C73F20E8B6B10074F17B /* Release */,
			);
			defaultConfigurationIsVisible = 0;
			defaultConfigurationName = Release;
		};
		9B66C74020E8B6B10074F17B /* Build configuration list for PBXNativeTarget "DreamLister_3" */ = {
			isa = XCConfigurationList;
			buildConfigurations = (
				9B66C74120E8B6B10074F17B /* Debug */,
				9B66C74220E8B6B10074F17B /* Release */,
			);
			defaultConfigurationIsVisible = 0;
			defaultConfigurationName = Release;
		};
/* End XCConfigurationList section */

/* Begin XCVersionGroup section */
		9B66C73520E8B6AF0074F17B /* DreamLister_3.xcdatamodeld */ = {
			isa = XCVersionGroup;
			children = (
				9B66C73620E8B6AF0074F17B /* DreamLister_3.xcdatamodel */,
			);
			currentVersion = 9B66C73620E8B6AF0074F17B /* DreamLister_3.xcdatamodel */;
			path = DreamLister_3.xcdatamodeld;
			sourceTree = "<group>";
			versionGroupType = wrapper.xcdatamodel;
		};
/* End XCVersionGroup section */
	};
	rootObject = 9B66C72320E8B6AF0074F17B /* Project object */;
}
